
Microsoft Visual Studio Solution File, Format Version 12.00
# Visual Studio 15
VisualStudioVersion = 15.0.28307.705
MinimumVisualStudioVersion = 10.0.40219.1
Project("{FAE04EC0-301F-11D3-BF4B-00C04F79EFBC}") = "TestAsyncLocal", "TestAsyncLocal\TestAsyncLocal.csproj", "{ECDC027F-6787-4DC3-AC0B-CE6B357AFE4E}"
EndProject
Global
	GlobalSection(SolutionConfigurationPlatforms) = preSolution
		Debug|Any CPU = Debug|Any CPU
		Release|Any CPU = Release|Any CPU
	EndGlobalSection
	GlobalSection(ProjectConfigurationPlatforms) = postSolution
		{ECDC027F-6787-4DC3-AC0B-CE6B357AFE4E}.Debug|Any CPU.ActiveCfg = Debug|Any CPU
		{ECDC027F-6787-4DC3-AC0B-CE6B357AFE4E}.Debug|Any CPU.Build.0 = Debug|Any CPU
		{ECDC027F-6787-4DC3-AC0B-CE6B357AFE4E}.Release|Any CPU.ActiveCfg = Release|Any CPU
		{ECDC027F-6787-4DC3-AC0B-CE6B357AFE4E}.Release|Any CPU.Build.0 = Release|Any CPU
	EndGlobalSection
	GlobalSection(SolutionProperties) = preSolution
		HideSolutionNode = FALSE
	EndGlobalSection
	GlobalSection(ExtensibilityGlobals) = postSolution
		SolutionGuid = {4703E87C-15EB-4F43-B5FE-549F84AB2E39}
	EndGlobalSection
EndGlobal
